// !$*UTF8*$!
{
	archiveVersion = 1;
	classes = {
	};
	objectVersion = 77;
	objects = {

/* Begin PBXContainerItemProxy section */
		ACCCF4302DD8CC0A00819BF1 /* PBXContainerItemProxy */ = {
			isa = PBXContainerItemProxy;
			containerPortal = ACCCF41A2DD8CC0900819BF1 /* Project object */;
			proxyType = 1;
			remoteGlobalIDString = ACCCF4212DD8CC0900819BF1;
			remoteInfo = Rapi;
		};
		ACCCF43A2DD8CC0A00819BF1 /* PBXContainerItemProxy */ = {
			isa = PBXContainerItemProxy;
			containerPortal = ACCCF41A2DD8CC0900819BF1 /* Project object */;
			proxyType = 1;
			remoteGlobalIDString = ACCCF4212DD8CC0900819BF1;
			remoteInfo = Rapi;
		};
/* End PBXContainerItemProxy section */

/* Begin PBXFileReference section */
		ACCCF4222DD8CC0900819BF1 /* Rapi.app */ = {isa = PBXFileReference; explicitFileType = wrapper.application; includeInIndex = 0; path = Rapi.app; sourceTree = BUILT_PRODUCTS_DIR; };
		ACCCF42F2DD8CC0A00819BF1 /* RapiTests.xctest */ = {isa = PBXFileReference; explicitFileType = wrapper.cfbundle; includeInIndex = 0; path = RapiTests.xctest; sourceTree = BUILT_PRODUCTS_DIR; };
		ACCCF4392DD8CC0A00819BF1 /* RapiUITests.xctest */ = {isa = PBXFileReference; explicitFileType = wrapper.cfbundle; includeInIndex = 0; path = RapiUITests.xctest; sourceTree = BUILT_PRODUCTS_DIR; };
		ACCCF4822DD90CBE00819BF1 /* EventKit.framework */ = {isa = PBXFileReference; lastKnownFileType = wrapper.framework; name = EventKit.framework; path = System/Library/Frameworks/EventKit.framework; sourceTree = SDKROOT; };
/* End PBXFileReference section */

/* Begin PBXFileSystemSynchronizedBuildFileExceptionSet section */
		ACCCF48B2DD90E6700819BF1 /* Exceptions for "Rapi" folder in "Rapi" target */ = {
			isa = PBXFileSystemSynchronizedBuildFileExceptionSet;
			membershipExceptions = (
				Info.plist,
			);
			target = ACCCF4212DD8CC0900819BF1 /* Rapi */;
		};
/* End PBXFileSystemSynchronizedBuildFileExceptionSet section */

/* Begin PBXFileSystemSynchronizedRootGroup section */
		ACCCF4242DD8CC0900819BF1 /* Rapi */ = {
			isa = PBXFileSystemSynchronizedRootGroup;
			exceptions = (
				ACCCF48B2DD90E6700819BF1 /* Exceptions for "Rapi" folder in "Rapi" target */,
			);
			path = Rapi;
			sourceTree = "<group>";
		};
		ACCCF4322DD8CC0A00819BF1 /* RapiTests */ = {
			isa = PBXFileSystemSynchronizedRootGroup;
			path = RapiTests;
			sourceTree = "<group>";
		};
		ACCCF43C2DD8CC0A00819BF1 /* RapiUITests */ = {
			isa = PBXFileSystemSynchronizedRootGroup;
			path = RapiUITests;
			sourceTree = "<group>";
		};
/* End PBXFileSystemSynchronizedRootGroup section */

/* Begin PBXFrameworksBuildPhase section */
		ACCCF41F2DD8CC0900819BF1 /* Frameworks */ = {
			isa = PBXFrameworksBuildPhase;
			buildActionMask = 2147483647;
			files = (
			);
			runOnlyForDeploymentPostprocessing = 0;
		};
		ACCCF42C2DD8CC0A00819BF1 /* Frameworks */ = {
			isa = PBXFrameworksBuildPhase;
			buildActionMask = 2147483647;
			files = (
			);
			runOnlyForDeploymentPostprocessing = 0;
		};
		ACCCF4362DD8CC0A00819BF1 /* Frameworks */ = {
			isa = PBXFrameworksBuildPhase;
			buildActionMask = 2147483647;
			files = (
			);
			runOnlyForDeploymentPostprocessing = 0;
		};
/* End PBXFrameworksBuildPhase section */

/* Begin PBXGroup section */
		ACCCF4192DD8CC0900819BF1 = {
			isa = PBXGroup;
			children = (
				ACCCF4242DD8CC0900819BF1 /* Rapi */,
				ACCCF4322DD8CC0A00819BF1 /* RapiTests */,
				ACCCF43C2DD8CC0A00819BF1 /* RapiUITests */,
				ACCCF4812DD90CBE00819BF1 /* Frameworks */,
				ACCCF4232DD8CC0900819BF1 /* Products */,
			);
			sourceTree = "<group>";
		};
		ACCCF4232DD8CC0900819BF1 /* Products */ = {
			isa = PBXGroup;
			children = (
				ACCCF4222DD8CC0900819BF1 /* Rapi.app */,
				ACCCF42F2DD8CC0A00819BF1 /* RapiTests.xctest */,
				ACCCF4392DD8CC0A00819BF1 /* RapiUITests.xctest */,
			);
			name = Products;
			sourceTree = "<group>";
		};
		ACCCF4812DD90CBE00819BF1 /* Frameworks */ = {
			isa = PBXGroup;
			children = (
				ACCCF4822DD90CBE00819BF1 /* EventKit.framework */,
			);
			name = Frameworks;
			sourceTree = "<group>";
		};
/* End PBXGroup section */

/* Begin PBXNativeTarget section */
		ACCCF4212DD8CC0900819BF1 /* Rapi */ = {
			isa = PBXNativeTarget;
			buildConfigurationList = ACCCF4432DD8CC0A00819BF1 /* Build configuration list for PBXNativeTarget "Rapi" */;
			buildPhases = (
				ACCCF41E2DD8CC0900819BF1 /* Sources */,
				ACCCF41F2DD8CC0900819BF1 /* Frameworks */,
				ACCCF4202DD8CC0900819BF1 /* Resources */,
			);
			buildRules = (
			);
			dependencies = (
			);
			fileSystemSynchronizedGroups = (
				ACCCF4242DD8CC0900819BF1 /* Rapi */,
			);
			name = Rapi;
			packageProductDependencies = (
			);
			productName = Rapi;
			productReference = ACCCF4222DD8CC0900819BF1 /* Rapi.app */;
			productType = "com.apple.product-type.application";
		};
		ACCCF42E2DD8CC0A00819BF1 /* RapiTests */ = {
			isa = PBXNativeTarget;
			buildConfigurationList = ACCCF4462DD8CC0A00819BF1 /* Build configuration list for PBXNativeTarget "RapiTests" */;
			buildPhases = (
				ACCCF42B2DD8CC0A00819BF1 /* Sources */,
				ACCCF42C2DD8CC0A00819BF1 /* Frameworks */,
				ACCCF42D2DD8CC0A00819BF1 /* Resources */,
			);
			buildRules = (
			);
			dependencies = (
				ACCCF4312DD8CC0A00819BF1 /* PBXTargetDependency */,
			);
			fileSystemSynchronizedGroups = (
				ACCCF4322DD8CC0A00819BF1 /* RapiTests */,
			);
			name = RapiTests;
			packageProductDependencies = (
			);
			productName = RapiTests;
			productReference = ACCCF42F2DD8CC0A00819BF1 /* RapiTests.xctest */;
			productType = "com.apple.product-type.bundle.unit-test";
		};
		ACCCF4382DD8CC0A00819BF1 /* RapiUITests */ = {
			isa = PBXNativeTarget;
			buildConfigurationList = ACCCF4492DD8CC0A00819BF1 /* Build configuration list for PBXNativeTarget "RapiUITests" */;
			buildPhases = (
				ACCCF4352DD8CC0A00819BF1 /* Sources */,
				ACCCF4362DD8CC0A00819BF1 /* Frameworks */,
				ACCCF4372DD8CC0A00819BF1 /* Resources */,
			);
			buildRules = (
			);
			dependencies = (
				ACCCF43B2DD8CC0A00819BF1 /* PBXTargetDependency */,
			);
			fileSystemSynchronizedGroups = (
				ACCCF43C2DD8CC0A00819BF1 /* RapiUITests */,
			);
			name = RapiUITests;
			packageProductDependencies = (
			);
			productName = RapiUITests;
			productReference = ACCCF4392DD8CC0A00819BF1 /* RapiUITests.xctest */;
			productType = "com.apple.product-type.bundle.ui-testing";
		};
/* End PBXNativeTarget section */

/* Begin PBXProject section */
		ACCCF41A2DD8CC0900819BF1 /* Project object */ = {
			isa = PBXProject;
			attributes = {
				BuildIndependentTargetsInParallel = 1;
				LastSwiftUpdateCheck = 1630;
				LastUpgradeCheck = 1630;
				TargetAttributes = {
					ACCCF4212DD8CC0900819BF1 = {
						CreatedOnToolsVersion = 16.3;
					};
					ACCCF42E2DD8CC0A00819BF1 = {
						CreatedOnToolsVersion = 16.3;
						TestTargetID = ACCCF4212DD8CC0900819BF1;
					};
					ACCCF4382DD8CC0A00819BF1 = {
						CreatedOnToolsVersion = 16.3;
						TestTargetID = ACCCF4212DD8CC0900819BF1;
					};
				};
			};
			buildConfigurationList = ACCCF41D2DD8CC0900819BF1 /* Build configuration list for PBXProject "Rapi" */;
			developmentRegion = en;
			hasScannedForEncodings = 0;
			knownRegions = (
				en,
				Base,
			);
			mainGroup = ACCCF4192DD8CC0900819BF1;
			minimizedProjectReferenceProxies = 1;
			preferredProjectObjectVersion = 77;
			productRefGroup = ACCCF4232DD8CC0900819BF1 /* Products */;
			projectDirPath = "";
			projectRoot = "";
			targets = (
				ACCCF4212DD8CC0900819BF1 /* Rapi */,
				ACCCF42E2DD8CC0A00819BF1 /* RapiTests */,
				ACCCF4382DD8CC0A00819BF1 /* RapiUITests */,
			);
		};
/* End PBXProject section */

/* Begin PBXResourcesBuildPhase section */
		ACCCF4202DD8CC0900819BF1 /* Resources */ = {
			isa = PBXResourcesBuildPhase;
			buildActionMask = 2147483647;
			files = (
			);
			runOnlyForDeploymentPostprocessing = 0;
		};
		ACCCF42D2DD8CC0A00819BF1 /* Resources */ = {
			isa = PBXResourcesBuildPhase;
			buildActionMask = 2147483647;
			files = (
			);
			runOnlyForDeploymentPostprocessing = 0;
		};
		ACCCF4372DD8CC0A00819BF1 /* Resources */ = {
			isa = PBXResourcesBuildPhase;
			buildActionMask = 2147483647;
			files = (
			);
			runOnlyForDeploymentPostprocessing = 0;
		};
/* End PBXResourcesBuildPhase section */

/* Begin PBXSourcesBuildPhase section */
		ACCCF41E2DD8CC0900819BF1 /* Sources */ = {
			isa = PBXSourcesBuildPhase;
			buildActionMask = 2147483647;
			files = (
			);
			runOnlyForDeploymentPostprocessing = 0;
		};
		ACCCF42B2DD8CC0A00819BF1 /* Sources */ = {
			isa = PBXSourcesBuildPhase;
			buildActionMask = 2147483647;
			files = (
			);
			runOnlyForDeploymentPostprocessing = 0;
		};
		ACCCF4352DD8CC0A00819BF1 /* Sources */ = {
			isa = PBXSourcesBuildPhase;
			buildActionMask = 2147483647;
			files = (
			);
			runOnlyForDeploymentPostprocessing = 0;
		};
/* End PBXSourcesBuildPhase section */

/* Begin PBXTargetDependency section */
		ACCCF4312DD8CC0A00819BF1 /* PBXTargetDependency */ = {
			isa = PBXTargetDependency;
			target = ACCCF4212DD8CC0900819BF1 /* Rapi */;
			targetProxy = ACCCF4302DD8CC0A00819BF1 /* PBXContainerItemProxy */;
		};
		ACCCF43B2DD8CC0A00819BF1 /* PBXTargetDependency */ = {
			isa = PBXTargetDependency;
			target = ACCCF4212DD8CC0900819BF1 /* Rapi */;
			targetProxy = ACCCF43A2DD8CC0A00819BF1 /* PBXContainerItemProxy */;
		};
/* End PBXTargetDependency section */

/* Begin XCBuildConfiguration section */
		ACCCF4412DD8CC0A00819BF1 /* Debug */ = {
			isa = XCBuildConfiguration;
			buildSettings = {
				ALWAYS_SEARCH_USER_PATHS = NO;
				ASSETCATALOG_COMPILER_GENERATE_SWIFT_ASSET_SYMBOL_EXTENSIONS = YES;
				CLANG_ANALYZER_NONNULL = YES;
				CLANG_ANALYZER_NUMBER_OBJECT_CONVERSION = YES_AGGRESSIVE;
				CLANG_CXX_LANGUAGE_STANDARD = "gnu++20";
				CLANG_ENABLE_MODULES = YES;
				CLANG_ENABLE_OBJC_ARC = YES;
				CLANG_ENABLE_OBJC_WEAK = YES;
				CLANG_WARN_BLOCK_CAPTURE_AUTORELEASING = YES;
				CLANG_WARN_BOOL_CONVERSION = YES;
				CLANG_WARN_COMMA = YES;
				CLANG_WARN_CONSTANT_CONVERSION = YES;
				CLANG_WARN_DEPRECATED_OBJC_IMPLEMENTATIONS = YES;
				CLANG_WARN_DIRECT_OBJC_ISA_USAGE = YES_ERROR;
				CLANG_WARN_DOCUMENTATION_COMMENTS = YES;
				CLANG_WARN_EMPTY_BODY = YES;
				CLANG_WARN_ENUM_CONVERSION = YES;
				CLANG_WARN_INFINITE_RECURSION = YES;
				CLANG_WARN_INT_CONVERSION = YES;
				CLANG_WARN_NON_LITERAL_NULL_CONVERSION = YES;
				CLANG_WARN_OBJC_IMPLICIT_RETAIN_SELF = YES;
				CLANG_WARN_OBJC_LITERAL_CONVERSION = YES;
				CLANG_WARN_OBJC_ROOT_CLASS = YES_ERROR;
				CLANG_WARN_QUOTED_INCLUDE_IN_FRAMEWORK_HEADER = YES;
				CLANG_WARN_RANGE_LOOP_ANALYSIS = YES;
				CLANG_WARN_STRICT_PROTOTYPES = YES;
				CLANG_WARN_SUSPICIOUS_MOVE = YES;
				CLANG_WARN_UNGUARDED_AVAILABILITY = YES_AGGRESSIVE;
				CLANG_WARN_UNREACHABLE_CODE = YES;
				CLANG_WARN__DUPLICATE_METHOD_MATCH = YES;
				COPY_PHASE_STRIP = NO;
				DEBUG_INFORMATION_FORMAT = dwarf;
				DEVELOPMENT_TEAM = VLK59P2HMP;
				ENABLE_STRICT_OBJC_MSGSEND = YES;
				ENABLE_TESTABILITY = YES;
				ENABLE_USER_SCRIPT_SANDBOXING = YES;
				GCC_C_LANGUAGE_STANDARD = gnu17;
				GCC_DYNAMIC_NO_PIC = NO;
				GCC_NO_COMMON_BLOCKS = YES;
				GCC_OPTIMIZATION_LEVEL = 0;
				GCC_PREPROCESSOR_DEFINITIONS = (
					"DEBUG=1",
					"$(inherited)",
				);
				GCC_WARN_64_TO_32_BIT_CONVERSION = YES;
				GCC_WARN_ABOUT_RETURN_TYPE = YES_ERROR;
				GCC_WARN_UNDECLARED_SELECTOR = YES;
				GCC_WARN_UNINITIALIZED_AUTOS = YES_AGGRESSIVE;
				GCC_WARN_UNUSED_FUNCTION = YES;
				GCC_WARN_UNUSED_VARIABLE = YES;
				IPHONEOS_DEPLOYMENT_TARGET = 18.4;
				LOCALIZATION_PREFERS_STRING_CATALOGS = YES;
				MTL_ENABLE_DEBUG_INFO = INCLUDE_SOURCE;
				MTL_FAST_MATH = YES;
				ONLY_ACTIVE_ARCH = YES;
				SDKROOT = iphoneos;
				SWIFT_ACTIVE_COMPILATION_CONDITIONS = "DEBUG $(inherited)";
				SWIFT_OPTIMIZATION_LEVEL = "-Onone";
			};
			name = Debug;
		};
		ACCCF4422DD8CC0A00819BF1 /* Release */ = {
			isa = XCBuildConfiguration;
			buildSettings = {
				ALWAYS_SEARCH_USER_PATHS = NO;
				ASSETCATALOG_COMPILER_GENERATE_SWIFT_ASSET_SYMBOL_EXTENSIONS = YES;
				CLANG_ANALYZER_NONNULL = YES;
				CLANG_ANALYZER_NUMBER_OBJECT_CONVERSION = YES_AGGRESSIVE;
				CLANG_CXX_LANGUAGE_STANDARD = "gnu++20";
				CLANG_ENABLE_MODULES = YES;
				CLANG_ENABLE_OBJC_ARC = YES;
				CLANG_ENABLE_OBJC_WEAK = YES;
				CLANG_WARN_BLOCK_CAPTURE_AUTORELEASING = YES;
				CLANG_WARN_BOOL_CONVERSION = YES;
				CLANG_WARN_COMMA = YES;
				CLANG_WARN_CONSTANT_CONVERSION = YES;
				CLANG_WARN_DEPRECATED_OBJC_IMPLEMENTATIONS = YES;
				CLANG_WARN_DIRECT_OBJC_ISA_USAGE = YES_ERROR;
				CLANG_WARN_DOCUMENTATION_COMMENTS = YES;
				CLANG_WARN_EMPTY_BODY = YES;
				CLANG_WARN_ENUM_CONVERSION = YES;
				CLANG_WARN_INFINITE_RECURSION = YES;
				CLANG_WARN_INT_CONVERSION = YES;
				CLANG_WARN_NON_LITERAL_NULL_CONVERSION = YES;
				CLANG_WARN_OBJC_IMPLICIT_RETAIN_SELF = YES;
				CLANG_WARN_OBJC_LITERAL_CONVERSION = YES;
				CLANG_WARN_OBJC_ROOT_CLASS = YES_ERROR;
				CLANG_WARN_QUOTED_INCLUDE_IN_FRAMEWORK_HEADER = YES;
				CLANG_WARN_RANGE_LOOP_ANALYSIS = YES;
				CLANG_WARN_STRICT_PROTOTYPES = YES;
				CLANG_WARN_SUSPICIOUS_MOVE = YES;
				CLANG_WARN_UNGUARDED_AVAILABILITY = YES_AGGRESSIVE;
				CLANG_WARN_UNREACHABLE_CODE = YES;
				CLANG_WARN__DUPLICATE_METHOD_MATCH = YES;
				COPY_PHASE_STRIP = NO;
				DEBUG_INFORMATION_FORMAT = "dwarf-with-dsym";
				DEVELOPMENT_TEAM = VLK59P2HMP;
				ENABLE_NS_ASSERTIONS = NO;
				ENABLE_STRICT_OBJC_MSGSEND = YES;
				ENABLE_USER_SCRIPT_SANDBOXING = YES;
				GCC_C_LANGUAGE_STANDARD = gnu17;
				GCC_NO_COMMON_BLOCKS = YES;
				GCC_WARN_64_TO_32_BIT_CONVERSION = YES;
				GCC_WARN_ABOUT_RETURN_TYPE = YES_ERROR;
				GCC_WARN_UNDECLARED_SELECTOR = YES;
				GCC_WARN_UNINITIALIZED_AUTOS = YES_AGGRESSIVE;
				GCC_WARN_UNUSED_FUNCTION = YES;
				GCC_WARN_UNUSED_VARIABLE = YES;
				IPHONEOS_DEPLOYMENT_TARGET = 18.4;
				LOCALIZATION_PREFERS_STRING_CATALOGS = YES;
				MTL_ENABLE_DEBUG_INFO = NO;
				MTL_FAST_MATH = YES;
				SDKROOT = iphoneos;
				SWIFT_COMPILATION_MODE = wholemodule;
				VALIDATE_PRODUCT = YES;
			};
			name = Release;
		};
		ACCCF4442DD8CC0A00819BF1 /* Debug */ = {
			isa = XCBuildConfiguration;
			buildSettings = {
				ASSETCATALOG_COMPILER_APPICON_NAME = AppIcon;
				ASSETCATALOG_COMPILER_GLOBAL_ACCENT_COLOR_NAME = AccentColor;
				CODE_SIGN_STYLE = Automatic;
				CURRENT_PROJECT_VERSION = 1;
				DEVELOPMENT_TEAM = VLK59P2HMP;
				ENABLE_PREVIEWS = YES;
				GENERATE_INFOPLIST_FILE = YES;
				INFOPLIST_KEY_LSApplicationCategoryType = "public.app-category.productivity";
				INFOPLIST_KEY_NSCalendarsUsageDescription = "To add train journeys to your calendar.";
				INFOPLIST_KEY_UIApplicationSceneManifest_Generation = YES;
				INFOPLIST_KEY_UIApplicationSupportsIndirectInputEvents = YES;
				INFOPLIST_KEY_UILaunchScreen_Generation = YES;
				INFOPLIST_KEY_UISupportedInterfaceOrientations_iPad = "UIInterfaceOrientationPortrait UIInterfaceOrientationPortraitUpsideDown UIInterfaceOrientationLandscapeLeft UIInterfaceOrientationLandscapeRight";
				INFOPLIST_KEY_UISupportedInterfaceOrientations_iPhone = "UIInterfaceOrientationPortrait UIInterfaceOrientationLandscapeLeft UIInterfaceOrientationLandscapeRight";
				LD_RUNPATH_SEARCH_PATHS = (
					"$(inherited)",
					"@executable_path/Frameworks",
				);
				MARKETING_VERSION = 1.0;
				PRODUCT_BUNDLE_IDENTIFIER = zerotech.Rapi;
				PRODUCT_NAME = "$(TARGET_NAME)";
				SWIFT_EMIT_LOC_STRINGS = YES;
				SWIFT_VERSION = 5.0;
				TARGETED_DEVICE_FAMILY = "1,2";
			};
			name = Debug;
		};
		ACCCF4452DD8CC0A00819BF1 /* Release */ = {
			isa = XCBuildConfiguration;
			buildSettings = {
				ASSETCATALOG_COMPILER_APPICON_NAME = AppIcon;
				ASSETCATALOG_COMPILER_GLOBAL_ACCENT_COLOR_NAME = AccentColor;
				CODE_SIGN_STYLE = Automatic;
				CURRENT_PROJECT_VERSION = 1;
				DEVELOPMENT_TEAM = VLK59P2HMP;
				ENABLE_PREVIEWS = YES;
				GENERATE_INFOPLIST_FILE = YES;
				INFOPLIST_KEY_LSApplicationCategoryType = "public.app-category.productivity";
				INFOPLIST_KEY_NSCalendarsUsageDescription = "To add train journeys to your calendar.";
				INFOPLIST_KEY_UIApplicationSceneManifest_Generation = YES;
				INFOPLIST_KEY_UIApplicationSupportsIndirectInputEvents = YES;
				INFOPLIST_KEY_UILaunchScreen_Generation = YES;
				INFOPLIST_KEY_UISupportedInterfaceOrientations_iPad = "UIInterfaceOrientationPortrait UIInterfaceOrientationPortraitUpsideDown UIInterfaceOrientationLandscapeLeft UIInterfaceOrientationLandscapeRight";
				INFOPLIST_KEY_UISupportedInterfaceOrientations_iPhone = "UIInterfaceOrientationPortrait UIInterfaceOrientationLandscapeLeft UIInterfaceOrientationLandscapeRight";
				LD_RUNPATH_SEARCH_PATHS = (
					"$(inherited)",
					"@executable_path/Frameworks",
				);
				MARKETING_VERSION = 1.0;
				PRODUCT_BUNDLE_IDENTIFIER = zerotech.Rapi;
				PRODUCT_NAME = "$(TARGET_NAME)";
				SWIFT_EMIT_LOC_STRINGS = YES;
				SWIFT_VERSION = 5.0;
				TARGETED_DEVICE_FAMILY = "1,2";
			};
			name = Release;
		};
		ACCCF4472DD8CC0A00819BF1 /* Debug */ = {
			isa = XCBuildConfiguration;
			buildSettings = {
				BUNDLE_LOADER = "$(TEST_HOST)";
				CODE_SIGN_STYLE = Automatic;
				CURRENT_PROJECT_VERSION = 1;
				DEVELOPMENT_TEAM = VLK59P2HMP;
				GENERATE_INFOPLIST_FILE = YES;
				IPHONEOS_DEPLOYMENT_TARGET = 18.4;
				MARKETING_VERSION = 1.0;
				PRODUCT_BUNDLE_IDENTIFIER = zerotech.RapiTests;
				PRODUCT_NAME = "$(TARGET_NAME)";
				SWIFT_EMIT_LOC_STRINGS = NO;
				SWIFT_VERSION = 5.0;
				TARGETED_DEVICE_FAMILY = "1,2";
				TEST_HOST = "$(BUILT_PRODUCTS_DIR)/Rapi.app/$(BUNDLE_EXECUTABLE_FOLDER_PATH)/Rapi";
			};
			name = Debug;
		};
		ACCCF4482DD8CC0A00819BF1 /* Release */ = {
			isa = XCBuildConfiguration;
			buildSettings = {
				BUNDLE_LOADER = "$(TEST_HOST)";
				CODE_SIGN_STYLE = Automatic;
				CURRENT_PROJECT_VERSION = 1;
				DEVELOPMENT_TEAM = VLK59P2HMP;
				GENERATE_INFOPLIST_FILE = YES;
				IPHONEOS_DEPLOYMENT_TARGET = 18.4;
				MARKETING_VERSION = 1.0;
				PRODUCT_BUNDLE_IDENTIFIER = zerotech.RapiTests;
				PRODUCT_NAME = "$(TARGET_NAME)";
				SWIFT_EMIT_LOC_STRINGS = NO;
				SWIFT_VERSION = 5.0;
				TARGETED_DEVICE_FAMILY = "1,2";
				TEST_HOST = "$(BUILT_PRODUCTS_DIR)/Rapi.app/$(BUNDLE_EXECUTABLE_FOLDER_PATH)/Rapi";
			};
			name = Release;
		};
		ACCCF44A2DD8CC0A00819BF1 /* Debug */ = {
			isa = XCBuildConfiguration;
			buildSettings = {
				CODE_SIGN_STYLE = Automatic;
				CURRENT_PROJECT_VERSION = 1;
				DEVELOPMENT_TEAM = VLK59P2HMP;
				GENERATE_INFOPLIST_FILE = YES;
				MARKETING_VERSION = 1.0;
				PRODUCT_BUNDLE_IDENTIFIER = zerotech.RapiUITests;
				PRODUCT_NAME = "$(TARGET_NAME)";
				SWIFT_EMIT_LOC_STRINGS = NO;
				SWIFT_VERSION = 5.0;
				TARGETED_DEVICE_FAMILY = "1,2";
				TEST_TARGET_NAME = Rapi;
			};
			name = Debug;
		};
		ACCCF44B2DD8CC0A00819BF1 /* Release */ = {
			isa = XCBuildConfiguration;
			buildSettings = {
				CODE_SIGN_STYLE = Automatic;
				CURRENT_PROJECT_VERSION = 1;
				DEVELOPMENT_TEAM = VLK59P2HMP;
				GENERATE_INFOPLIST_FILE = YES;
				MARKETING_VERSION = 1.0;
				PRODUCT_BUNDLE_IDENTIFIER = zerotech.RapiUITests;
				PRODUCT_NAME = "$(TARGET_NAME)";
				SWIFT_EMIT_LOC_STRINGS = NO;
				SWIFT_VERSION = 5.0;
				TARGETED_DEVICE_FAMILY = "1,2";
				TEST_TARGET_NAME = Rapi;
			};
			name = Release;
		};
/* End XCBuildConfiguration section */

/* Begin XCConfigurationList section */
		ACCCF41D2DD8CC0900819BF1 /* Build configuration list for PBXProject "Rapi" */ = {
			isa = XCConfigurationList;
			buildConfigurations = (
				ACCCF4412DD8CC0A00819BF1 /* Debug */,
				ACCCF4422DD8CC0A00819BF1 /* Release */,
			);
			defaultConfigurationIsVisible = 0;
			defaultConfigurationName = Release;
		};
		ACCCF4432DD8CC0A00819BF1 /* Build configuration list for PBXNativeTarget "Rapi" */ = {
			isa = XCConfigurationList;
			buildConfigurations = (
				ACCCF4442DD8CC0A00819BF1 /* Debug */,
				ACCCF4452DD8CC0A00819BF1 /* Release */,
			);
			defaultConfigurationIsVisible = 0;
			defaultConfigurationName = Release;
		};
		ACCCF4462DD8CC0A00819BF1 /* Build configuration list for PBXNativeTarget "RapiTests" */ = {
			isa = XCConfigurationList;
			buildConfigurations = (
				ACCCF4472DD8CC0A00819BF1 /* Debug */,
				ACCCF4482DD8CC0A00819BF1 /* Release */,
			);
			defaultConfigurationIsVisible = 0;
			defaultConfigurationName = Release;
		};
		ACCCF4492DD8CC0A00819BF1 /* Build configuration list for PBXNativeTarget "RapiUITests" */ = {
			isa = XCConfigurationList;
			buildConfigurations = (
				ACCCF44A2DD8CC0A00819BF1 /* Debug */,
				ACCCF44B2DD8CC0A00819BF1 /* Release */,
			);
			defaultConfigurationIsVisible = 0;
			defaultConfigurationName = Release;
		};
/* End XCConfigurationList section */
	};
	rootObject = ACCCF41A2DD8CC0900819BF1 /* Project object */;
}
